
Microsoft Visual Studio Solution File, Format Version 12.00
# Visual Studio 2015
Project("{FAE04EC0-301F-11D3-BF4B-00C04F79EFBC}") = "Block Smasher", "Block Smasher.csproj", "{EB3FDB72-327D-9E7B-301C-406B983BECEF}"
EndProject
Global
	GlobalSection(SolutionConfigurationPlatforms) = preSolution
		Debug|Any CPU = Debug|Any CPU
		Release|Any CPU = Release|Any CPU
	EndGlobalSection
	GlobalSection(ProjectConfigurationPlatforms) = postSolution
		{EB3FDB72-327D-9E7B-301C-406B983BECEF}.Debug|Any CPU.ActiveCfg = Debug|Any CPU
		{EB3FDB72-327D-9E7B-301C-406B983BECEF}.Debug|Any CPU.Build.0 = Debug|Any CPU
		{EB3FDB72-327D-9E7B-301C-406B983BECEF}.Release|Any CPU.ActiveCfg = Release|Any CPU
		{EB3FDB72-327D-9E7B-301C-406B983BECEF}.Release|Any CPU.Build.0 = Release|Any CPU
	EndGlobalSection
	GlobalSection(SolutionProperties) = preSolution
		HideSolutionNode = FALSE
	EndGlobalSection
EndGlobal
