
Microsoft Visual Studio Solution File, Format Version 12.00
# Visual Studio 2015
Project("{FAE04EC0-301F-11D3-BF4B-00C04F79EFBC}") = "Block Smasher 9.CSharp", "Block Smasher 9.CSharp.csproj", "{AE27F267-4BA7-57C0-A786-813F1B4F4A6B}"
EndProject
Global
	GlobalSection(SolutionConfigurationPlatforms) = preSolution
		Debug|Any CPU = Debug|Any CPU
		Release|Any CPU = Release|Any CPU
	EndGlobalSection
	GlobalSection(ProjectConfigurationPlatforms) = postSolution
		{AE27F267-4BA7-57C0-A786-813F1B4F4A6B}.Debug|Any CPU.ActiveCfg = Debug|Any CPU
		{AE27F267-4BA7-57C0-A786-813F1B4F4A6B}.Debug|Any CPU.Build.0 = Debug|Any CPU
		{AE27F267-4BA7-57C0-A786-813F1B4F4A6B}.Release|Any CPU.ActiveCfg = Release|Any CPU
		{AE27F267-4BA7-57C0-A786-813F1B4F4A6B}.Release|Any CPU.Build.0 = Release|Any CPU
	EndGlobalSection
	GlobalSection(SolutionProperties) = preSolution
		HideSolutionNode = FALSE
	EndGlobalSection
EndGlobal
